// !$*UTF8*$!
{
	archiveVersion = 1;
	classes = {
	};
	objectVersion = 55;
	objects = {

/* Begin PBXBuildFile section */
		B39E0B1828D64B95003C1CDF /* AppDelegate.swift in Sources */ = {isa = PBXBuildFile; fileRef = B39E0B1728D64B95003C1CDF /* AppDelegate.swift */; };
		B39E0B2228D64B95003C1CDF /* TheMovieDB_App_iOS.xcdatamodeld in Sources */ = {isa = PBXBuildFile; fileRef = B39E0B2028D64B95003C1CDF /* TheMovieDB_App_iOS.xcdatamodeld */; };
		B39E0B2428D64B97003C1CDF /* Assets.xcassets in Resources */ = {isa = PBXBuildFile; fileRef = B39E0B2328D64B97003C1CDF /* Assets.xcassets */; };
		B39E0B2728D64B97003C1CDF /* LaunchScreen.storyboard in Resources */ = {isa = PBXBuildFile; fileRef = B39E0B2528D64B97003C1CDF /* LaunchScreen.storyboard */; };
		B39E0B3228D64B98003C1CDF /* TheMovieDB_App_iOSTests.swift in Sources */ = {isa = PBXBuildFile; fileRef = B39E0B3128D64B98003C1CDF /* TheMovieDB_App_iOSTests.swift */; };
		B39E0B3C28D64B98003C1CDF /* TheMovieDB_App_iOSUITests.swift in Sources */ = {isa = PBXBuildFile; fileRef = B39E0B3B28D64B98003C1CDF /* TheMovieDB_App_iOSUITests.swift */; };
		B39E0B3E28D64B98003C1CDF /* TheMovieDB_App_iOSUITestsLaunchTests.swift in Sources */ = {isa = PBXBuildFile; fileRef = B39E0B3D28D64B98003C1CDF /* TheMovieDB_App_iOSUITestsLaunchTests.swift */; };
		B39E0B4B28D64D59003C1CDF /* RootViewController.swift in Sources */ = {isa = PBXBuildFile; fileRef = B39E0B4A28D64D59003C1CDF /* RootViewController.swift */; };
/* End PBXBuildFile section */

/* Begin PBXContainerItemProxy section */
		B39E0B2E28D64B98003C1CDF /* PBXContainerItemProxy */ = {
			isa = PBXContainerItemProxy;
			containerPortal = B39E0B0C28D64B95003C1CDF /* Project object */;
			proxyType = 1;
			remoteGlobalIDString = B39E0B1328D64B95003C1CDF;
			remoteInfo = "TheMovieDB-App-iOS";
		};
		B39E0B3828D64B98003C1CDF /* PBXContainerItemProxy */ = {
			isa = PBXContainerItemProxy;
			containerPortal = B39E0B0C28D64B95003C1CDF /* Project object */;
			proxyType = 1;
			remoteGlobalIDString = B39E0B1328D64B95003C1CDF;
			remoteInfo = "TheMovieDB-App-iOS";
		};
/* End PBXContainerItemProxy section */

/* Begin PBXFileReference section */
		B39E0B1428D64B95003C1CDF /* TheMovieDB-App-iOS.app */ = {isa = PBXFileReference; explicitFileType = wrapper.application; includeInIndex = 0; path = "TheMovieDB-App-iOS.app"; sourceTree = BUILT_PRODUCTS_DIR; };
		B39E0B1728D64B95003C1CDF /* AppDelegate.swift */ = {isa = PBXFileReference; lastKnownFileType = sourcecode.swift; path = AppDelegate.swift; sourceTree = "<group>"; };
		B39E0B2128D64B95003C1CDF /* TheMovieDB_App_iOS.xcdatamodel */ = {isa = PBXFileReference; lastKnownFileType = wrapper.xcdatamodel; path = TheMovieDB_App_iOS.xcdatamodel; sourceTree = "<group>"; };
		B39E0B2328D64B97003C1CDF /* Assets.xcassets */ = {isa = PBXFileReference; lastKnownFileType = folder.assetcatalog; path = Assets.xcassets; sourceTree = "<group>"; };
		B39E0B2628D64B97003C1CDF /* Base */ = {isa = PBXFileReference; lastKnownFileType = file.storyboard; name = Base; path = Base.lproj/LaunchScreen.storyboard; sourceTree = "<group>"; };
		B39E0B2828D64B97003C1CDF /* Info.plist */ = {isa = PBXFileReference; lastKnownFileType = text.plist.xml; path = Info.plist; sourceTree = "<group>"; };
		B39E0B2D28D64B98003C1CDF /* TheMovieDB-App-iOSTests.xctest */ = {isa = PBXFileReference; explicitFileType = wrapper.cfbundle; includeInIndex = 0; path = "TheMovieDB-App-iOSTests.xctest"; sourceTree = BUILT_PRODUCTS_DIR; };
		B39E0B3128D64B98003C1CDF /* TheMovieDB_App_iOSTests.swift */ = {isa = PBXFileReference; lastKnownFileType = sourcecode.swift; path = TheMovieDB_App_iOSTests.swift; sourceTree = "<group>"; };
		B39E0B3728D64B98003C1CDF /* TheMovieDB-App-iOSUITests.xctest */ = {isa = PBXFileReference; explicitFileType = wrapper.cfbundle; includeInIndex = 0; path = "TheMovieDB-App-iOSUITests.xctest"; sourceTree = BUILT_PRODUCTS_DIR; };
		B39E0B3B28D64B98003C1CDF /* TheMovieDB_App_iOSUITests.swift */ = {isa = PBXFileReference; lastKnownFileType = sourcecode.swift; path = TheMovieDB_App_iOSUITests.swift; sourceTree = "<group>"; };
		B39E0B3D28D64B98003C1CDF /* TheMovieDB_App_iOSUITestsLaunchTests.swift */ = {isa = PBXFileReference; lastKnownFileType = sourcecode.swift; path = TheMovieDB_App_iOSUITestsLaunchTests.swift; sourceTree = "<group>"; };
		B39E0B4A28D64D59003C1CDF /* RootViewController.swift */ = {isa = PBXFileReference; lastKnownFileType = sourcecode.swift; path = RootViewController.swift; sourceTree = "<group>"; };
/* End PBXFileReference section */

/* Begin PBXFrameworksBuildPhase section */
		B39E0B1128D64B95003C1CDF /* Frameworks */ = {
			isa = PBXFrameworksBuildPhase;
			buildActionMask = 2147483647;
			files = (
			);
			runOnlyForDeploymentPostprocessing = 0;
		};
		B39E0B2A28D64B98003C1CDF /* Frameworks */ = {
			isa = PBXFrameworksBuildPhase;
			buildActionMask = 2147483647;
			files = (
			);
			runOnlyForDeploymentPostprocessing = 0;
		};
		B39E0B3428D64B98003C1CDF /* Frameworks */ = {
			isa = PBXFrameworksBuildPhase;
			buildActionMask = 2147483647;
			files = (
			);
			runOnlyForDeploymentPostprocessing = 0;
		};
/* End PBXFrameworksBuildPhase section */

/* Begin PBXGroup section */
		B39E0B0B28D64B95003C1CDF = {
			isa = PBXGroup;
			children = (
				B39E0B1628D64B95003C1CDF /* TheMovieDB-App-iOS */,
				B39E0B3028D64B98003C1CDF /* TheMovieDB-App-iOSTests */,
				B39E0B3A28D64B98003C1CDF /* TheMovieDB-App-iOSUITests */,
				B39E0B1528D64B95003C1CDF /* Products */,
			);
			sourceTree = "<group>";
		};
		B39E0B1528D64B95003C1CDF /* Products */ = {
			isa = PBXGroup;
			children = (
				B39E0B1428D64B95003C1CDF /* TheMovieDB-App-iOS.app */,
				B39E0B2D28D64B98003C1CDF /* TheMovieDB-App-iOSTests.xctest */,
				B39E0B3728D64B98003C1CDF /* TheMovieDB-App-iOSUITests.xctest */,
			);
			name = Products;
			sourceTree = "<group>";
		};
		B39E0B1628D64B95003C1CDF /* TheMovieDB-App-iOS */ = {
			isa = PBXGroup;
			children = (
				B39E0B1728D64B95003C1CDF /* AppDelegate.swift */,
				B39E0B2328D64B97003C1CDF /* Assets.xcassets */,
				B39E0B2828D64B97003C1CDF /* Info.plist */,
				B39E0B2528D64B97003C1CDF /* LaunchScreen.storyboard */,
				B39E0B4A28D64D59003C1CDF /* RootViewController.swift */,
				B39E0B2028D64B95003C1CDF /* TheMovieDB_App_iOS.xcdatamodeld */,
			);
			path = "TheMovieDB-App-iOS";
			sourceTree = "<group>";
		};
		B39E0B3028D64B98003C1CDF /* TheMovieDB-App-iOSTests */ = {
			isa = PBXGroup;
			children = (
				B39E0B3128D64B98003C1CDF /* TheMovieDB_App_iOSTests.swift */,
			);
			path = "TheMovieDB-App-iOSTests";
			sourceTree = "<group>";
		};
		B39E0B3A28D64B98003C1CDF /* TheMovieDB-App-iOSUITests */ = {
			isa = PBXGroup;
			children = (
				B39E0B3B28D64B98003C1CDF /* TheMovieDB_App_iOSUITests.swift */,
				B39E0B3D28D64B98003C1CDF /* TheMovieDB_App_iOSUITestsLaunchTests.swift */,
			);
			path = "TheMovieDB-App-iOSUITests";
			sourceTree = "<group>";
		};
/* End PBXGroup section */

/* Begin PBXNativeTarget section */
		B39E0B1328D64B95003C1CDF /* TheMovieDB-App-iOS */ = {
			isa = PBXNativeTarget;
			buildConfigurationList = B39E0B4128D64B98003C1CDF /* Build configuration list for PBXNativeTarget "TheMovieDB-App-iOS" */;
			buildPhases = (
				B39E0B1028D64B95003C1CDF /* Sources */,
				B39E0B1128D64B95003C1CDF /* Frameworks */,
				B39E0B1228D64B95003C1CDF /* Resources */,
			);
			buildRules = (
			);
			dependencies = (
			);
			name = "TheMovieDB-App-iOS";
			productName = "TheMovieDB-App-iOS";
			productReference = B39E0B1428D64B95003C1CDF /* TheMovieDB-App-iOS.app */;
			productType = "com.apple.product-type.application";
		};
		B39E0B2C28D64B98003C1CDF /* TheMovieDB-App-iOSTests */ = {
			isa = PBXNativeTarget;
			buildConfigurationList = B39E0B4428D64B98003C1CDF /* Build configuration list for PBXNativeTarget "TheMovieDB-App-iOSTests" */;
			buildPhases = (
				B39E0B2928D64B98003C1CDF /* Sources */,
				B39E0B2A28D64B98003C1CDF /* Frameworks */,
				B39E0B2B28D64B98003C1CDF /* Resources */,
			);
			buildRules = (
			);
			dependencies = (
				B39E0B2F28D64B98003C1CDF /* PBXTargetDependency */,
			);
			name = "TheMovieDB-App-iOSTests";
			productName = "TheMovieDB-App-iOSTests";
			productReference = B39E0B2D28D64B98003C1CDF /* TheMovieDB-App-iOSTests.xctest */;
			productType = "com.apple.product-type.bundle.unit-test";
		};
		B39E0B3628D64B98003C1CDF /* TheMovieDB-App-iOSUITests */ = {
			isa = PBXNativeTarget;
			buildConfigurationList = B39E0B4728D64B98003C1CDF /* Build configuration list for PBXNativeTarget "TheMovieDB-App-iOSUITests" */;
			buildPhases = (
				B39E0B3328D64B98003C1CDF /* Sources */,
				B39E0B3428D64B98003C1CDF /* Frameworks */,
				B39E0B3528D64B98003C1CDF /* Resources */,
			);
			buildRules = (
			);
			dependencies = (
				B39E0B3928D64B98003C1CDF /* PBXTargetDependency */,
			);
			name = "TheMovieDB-App-iOSUITests";
			productName = "TheMovieDB-App-iOSUITests";
			productReference = B39E0B3728D64B98003C1CDF /* TheMovieDB-App-iOSUITests.xctest */;
			productType = "com.apple.product-type.bundle.ui-testing";
		};
/* End PBXNativeTarget section */

/* Begin PBXProject section */
		B39E0B0C28D64B95003C1CDF /* Project object */ = {
			isa = PBXProject;
			attributes = {
				BuildIndependentTargetsInParallel = 1;
				LastSwiftUpdateCheck = 1340;
				LastUpgradeCheck = 1340;
				TargetAttributes = {
					B39E0B1328D64B95003C1CDF = {
						CreatedOnToolsVersion = 13.4.1;
					};
					B39E0B2C28D64B98003C1CDF = {
						CreatedOnToolsVersion = 13.4.1;
						TestTargetID = B39E0B1328D64B95003C1CDF;
					};
					B39E0B3628D64B98003C1CDF = {
						CreatedOnToolsVersion = 13.4.1;
						TestTargetID = B39E0B1328D64B95003C1CDF;
					};
				};
			};
			buildConfigurationList = B39E0B0F28D64B95003C1CDF /* Build configuration list for PBXProject "TheMovieDB-App-iOS" */;
			compatibilityVersion = "Xcode 13.0";
			developmentRegion = en;
			hasScannedForEncodings = 0;
			knownRegions = (
				en,
				Base,
			);
			mainGroup = B39E0B0B28D64B95003C1CDF;
			productRefGroup = B39E0B1528D64B95003C1CDF /* Products */;
			projectDirPath = "";
			projectRoot = "";
			targets = (
				B39E0B1328D64B95003C1CDF /* TheMovieDB-App-iOS */,
				B39E0B2C28D64B98003C1CDF /* TheMovieDB-App-iOSTests */,
				B39E0B3628D64B98003C1CDF /* TheMovieDB-App-iOSUITests */,
			);
		};
/* End PBXProject section */

/* Begin PBXResourcesBuildPhase section */
		B39E0B1228D64B95003C1CDF /* Resources */ = {
			isa = PBXResourcesBuildPhase;
			buildActionMask = 2147483647;
			files = (
				B39E0B2728D64B97003C1CDF /* LaunchScreen.storyboard in Resources */,
				B39E0B2428D64B97003C1CDF /* Assets.xcassets in Resources */,
			);
			runOnlyForDeploymentPostprocessing = 0;
		};
		B39E0B2B28D64B98003C1CDF /* Resources */ = {
			isa = PBXResourcesBuildPhase;
			buildActionMask = 2147483647;
			files = (
			);
			runOnlyForDeploymentPostprocessing = 0;
		};
		B39E0B3528D64B98003C1CDF /* Resources */ = {
			isa = PBXResourcesBuildPhase;
			buildActionMask = 2147483647;
			files = (
			);
			runOnlyForDeploymentPostprocessing = 0;
		};
/* End PBXResourcesBuildPhase section */

/* Begin PBXSourcesBuildPhase section */
		B39E0B1028D64B95003C1CDF /* Sources */ = {
			isa = PBXSourcesBuildPhase;
			buildActionMask = 2147483647;
			files = (
				B39E0B2228D64B95003C1CDF /* TheMovieDB_App_iOS.xcdatamodeld in Sources */,
				B39E0B4B28D64D59003C1CDF /* RootViewController.swift in Sources */,
				B39E0B1828D64B95003C1CDF /* AppDelegate.swift in Sources */,
			);
			runOnlyForDeploymentPostprocessing = 0;
		};
		B39E0B2928D64B98003C1CDF /* Sources */ = {
			isa = PBXSourcesBuildPhase;
			buildActionMask = 2147483647;
			files = (
				B39E0B3228D64B98003C1CDF /* TheMovieDB_App_iOSTests.swift in Sources */,
			);
			runOnlyForDeploymentPostprocessing = 0;
		};
		B39E0B3328D64B98003C1CDF /* Sources */ = {
			isa = PBXSourcesBuildPhase;
			buildActionMask = 2147483647;
			files = (
				B39E0B3C28D64B98003C1CDF /* TheMovieDB_App_iOSUITests.swift in Sources */,
				B39E0B3E28D64B98003C1CDF /* TheMovieDB_App_iOSUITestsLaunchTests.swift in Sources */,
			);
			runOnlyForDeploymentPostprocessing = 0;
		};
/* End PBXSourcesBuildPhase section */

/* Begin PBXTargetDependency section */
		B39E0B2F28D64B98003C1CDF /* PBXTargetDependency */ = {
			isa = PBXTargetDependency;
			target = B39E0B1328D64B95003C1CDF /* TheMovieDB-App-iOS */;
			targetProxy = B39E0B2E28D64B98003C1CDF /* PBXContainerItemProxy */;
		};
		B39E0B3928D64B98003C1CDF /* PBXTargetDependency */ = {
			isa = PBXTargetDependency;
			target = B39E0B1328D64B95003C1CDF /* TheMovieDB-App-iOS */;
			targetProxy = B39E0B3828D64B98003C1CDF /* PBXContainerItemProxy */;
		};
/* End PBXTargetDependency section */

/* Begin PBXVariantGroup section */
		B39E0B2528D64B97003C1CDF /* LaunchScreen.storyboard */ = {
			isa = PBXVariantGroup;
			children = (
				B39E0B2628D64B97003C1CDF /* Base */,
			);
			name = LaunchScreen.storyboard;
			sourceTree = "<group>";
		};
/* End PBXVariantGroup section */

/* Begin XCBuildConfiguration section */
		B39E0B3F28D64B98003C1CDF /* Debug */ = {
			isa = XCBuildConfiguration;
			buildSettings = {
				ALWAYS_SEARCH_USER_PATHS = NO;
				CLANG_ANALYZER_NONNULL = YES;
				CLANG_ANALYZER_NUMBER_OBJECT_CONVERSION = YES_AGGRESSIVE;
				CLANG_CXX_LANGUAGE_STANDARD = "gnu++17";
				CLANG_ENABLE_MODULES = YES;
				CLANG_ENABLE_OBJC_ARC = YES;
				CLANG_ENABLE_OBJC_WEAK = YES;
				CLANG_WARN_BLOCK_CAPTURE_AUTORELEASING = YES;
				CLANG_WARN_BOOL_CONVERSION = YES;
				CLANG_WARN_COMMA = YES;
				CLANG_WARN_CONSTANT_CONVERSION = YES;
				CLANG_WARN_DEPRECATED_OBJC_IMPLEMENTATIONS = YES;
				CLANG_WARN_DIRECT_OBJC_ISA_USAGE = YES_ERROR;
				CLANG_WARN_DOCUMENTATION_COMMENTS = YES;
				CLANG_WARN_EMPTY_BODY = YES;
				CLANG_WARN_ENUM_CONVERSION = YES;
				CLANG_WARN_INFINITE_RECURSION = YES;
				CLANG_WARN_INT_CONVERSION = YES;
				CLANG_WARN_NON_LITERAL_NULL_CONVERSION = YES;
				CLANG_WARN_OBJC_IMPLICIT_RETAIN_SELF = YES;
				CLANG_WARN_OBJC_LITERAL_CONVERSION = YES;
				CLANG_WARN_OBJC_ROOT_CLASS = YES_ERROR;
				CLANG_WARN_QUOTED_INCLUDE_IN_FRAMEWORK_HEADER = YES;
				CLANG_WARN_RANGE_LOOP_ANALYSIS = YES;
				CLANG_WARN_STRICT_PROTOTYPES = YES;
				CLANG_WARN_SUSPICIOUS_MOVE = YES;
				CLANG_WARN_UNGUARDED_AVAILABILITY = YES_AGGRESSIVE;
				CLANG_WARN_UNREACHABLE_CODE = YES;
				CLANG_WARN__DUPLICATE_METHOD_MATCH = YES;
				COPY_PHASE_STRIP = NO;
				DEBUG_INFORMATION_FORMAT = dwarf;
				ENABLE_STRICT_OBJC_MSGSEND = YES;
				ENABLE_TESTABILITY = YES;
				GCC_C_LANGUAGE_STANDARD = gnu11;
				GCC_DYNAMIC_NO_PIC = NO;
				GCC_NO_COMMON_BLOCKS = YES;
				GCC_OPTIMIZATION_LEVEL = 0;
				GCC_PREPROCESSOR_DEFINITIONS = (
					"DEBUG=1",
					"$(inherited)",
				);
				GCC_WARN_64_TO_32_BIT_CONVERSION = YES;
				GCC_WARN_ABOUT_RETURN_TYPE = YES_ERROR;
				GCC_WARN_UNDECLARED_SELECTOR = YES;
				GCC_WARN_UNINITIALIZED_AUTOS = YES_AGGRESSIVE;
				GCC_WARN_UNUSED_FUNCTION = YES;
				GCC_WARN_UNUSED_VARIABLE = YES;
				IPHONEOS_DEPLOYMENT_TARGET = 15.5;
				MTL_ENABLE_DEBUG_INFO = INCLUDE_SOURCE;
				MTL_FAST_MATH = YES;
				ONLY_ACTIVE_ARCH = YES;
				SDKROOT = iphoneos;
				SWIFT_ACTIVE_COMPILATION_CONDITIONS = DEBUG;
				SWIFT_OPTIMIZATION_LEVEL = "-Onone";
			};
			name = Debug;
		};
		B39E0B4028D64B98003C1CDF /* Release */ = {
			isa = XCBuildConfiguration;
			buildSettings = {
				ALWAYS_SEARCH_USER_PATHS = NO;
				CLANG_ANALYZER_NONNULL = YES;
				CLANG_ANALYZER_NUMBER_OBJECT_CONVERSION = YES_AGGRESSIVE;
				CLANG_CXX_LANGUAGE_STANDARD = "gnu++17";
				CLANG_ENABLE_MODULES = YES;
				CLANG_ENABLE_OBJC_ARC = YES;
				CLANG_ENABLE_OBJC_WEAK = YES;
				CLANG_WARN_BLOCK_CAPTURE_AUTORELEASING = YES;
				CLANG_WARN_BOOL_CONVERSION = YES;
				CLANG_WARN_COMMA = YES;
				CLANG_WARN_CONSTANT_CONVERSION = YES;
				CLANG_WARN_DEPRECATED_OBJC_IMPLEMENTATIONS = YES;
				CLANG_WARN_DIRECT_OBJC_ISA_USAGE = YES_ERROR;
				CLANG_WARN_DOCUMENTATION_COMMENTS = YES;
				CLANG_WARN_EMPTY_BODY = YES;
				CLANG_WARN_ENUM_CONVERSION = YES;
				CLANG_WARN_INFINITE_RECURSION = YES;
				CLANG_WARN_INT_CONVERSION = YES;
				CLANG_WARN_NON_LITERAL_NULL_CONVERSION = YES;
				CLANG_WARN_OBJC_IMPLICIT_RETAIN_SELF = YES;
				CLANG_WARN_OBJC_LITERAL_CONVERSION = YES;
				CLANG_WARN_OBJC_ROOT_CLASS = YES_ERROR;
				CLANG_WARN_QUOTED_INCLUDE_IN_FRAMEWORK_HEADER = YES;
				CLANG_WARN_RANGE_LOOP_ANALYSIS = YES;
				CLANG_WARN_STRICT_PROTOTYPES = YES;
				CLANG_WARN_SUSPICIOUS_MOVE = YES;
				CLANG_WARN_UNGUARDED_AVAILABILITY = YES_AGGRESSIVE;
				CLANG_WARN_UNREACHABLE_CODE = YES;
				CLANG_WARN__DUPLICATE_METHOD_MATCH = YES;
				COPY_PHASE_STRIP = NO;
				DEBUG_INFORMATION_FORMAT = "dwarf-with-dsym";
				ENABLE_NS_ASSERTIONS = NO;
				ENABLE_STRICT_OBJC_MSGSEND = YES;
				GCC_C_LANGUAGE_STANDARD = gnu11;
				GCC_NO_COMMON_BLOCKS = YES;
				GCC_WARN_64_TO_32_BIT_CONVERSION = YES;
				GCC_WARN_ABOUT_RETURN_TYPE = YES_ERROR;
				GCC_WARN_UNDECLARED_SELECTOR = YES;
				GCC_WARN_UNINITIALIZED_AUTOS = YES_AGGRESSIVE;
				GCC_WARN_UNUSED_FUNCTION = YES;
				GCC_WARN_UNUSED_VARIABLE = YES;
				IPHONEOS_DEPLOYMENT_TARGET = 15.5;
				MTL_ENABLE_DEBUG_INFO = NO;
				MTL_FAST_MATH = YES;
				SDKROOT = iphoneos;
				SWIFT_COMPILATION_MODE = wholemodule;
				SWIFT_OPTIMIZATION_LEVEL = "-O";
				VALIDATE_PRODUCT = YES;
			};
			name = Release;
		};
		B39E0B4228D64B98003C1CDF /* Debug */ = {
			isa = XCBuildConfiguration;
			buildSettings = {
				ASSETCATALOG_COMPILER_APPICON_NAME = AppIcon;
				ASSETCATALOG_COMPILER_GLOBAL_ACCENT_COLOR_NAME = AccentColor;
				CODE_SIGN_STYLE = Automatic;
				CURRENT_PROJECT_VERSION = 1;
				GENERATE_INFOPLIST_FILE = YES;
				INFOPLIST_FILE = "TheMovieDB-App-iOS/Info.plist";
				INFOPLIST_KEY_UIApplicationSupportsIndirectInputEvents = YES;
				INFOPLIST_KEY_UILaunchStoryboardName = LaunchScreen;
				INFOPLIST_KEY_UISupportedInterfaceOrientations_iPad = "UIInterfaceOrientationPortrait UIInterfaceOrientationPortraitUpsideDown UIInterfaceOrientationLandscapeLeft UIInterfaceOrientationLandscapeRight";
				INFOPLIST_KEY_UISupportedInterfaceOrientations_iPhone = "UIInterfaceOrientationPortrait UIInterfaceOrientationLandscapeLeft UIInterfaceOrientationLandscapeRight";
				LD_RUNPATH_SEARCH_PATHS = (
					"$(inherited)",
					"@executable_path/Frameworks",
				);
				MARKETING_VERSION = 1.0;
				PRODUCT_BUNDLE_IDENTIFIER = "io.mobiledeveloper.TheMovieDB-App-iOS";
				PRODUCT_NAME = "$(TARGET_NAME)";
				SWIFT_EMIT_LOC_STRINGS = YES;
				SWIFT_VERSION = 5.0;
				TARGETED_DEVICE_FAMILY = "1,2";
			};
			name = Debug;
		};
		B39E0B4328D64B98003C1CDF /* Release */ = {
			isa = XCBuildConfiguration;
			buildSettings = {
				ASSETCATALOG_COMPILER_APPICON_NAME = AppIcon;
				ASSETCATALOG_COMPILER_GLOBAL_ACCENT_COLOR_NAME = AccentColor;
				CODE_SIGN_STYLE = Automatic;
				CURRENT_PROJECT_VERSION = 1;
				GENERATE_INFOPLIST_FILE = YES;
				INFOPLIST_FILE = "TheMovieDB-App-iOS/Info.plist";
				INFOPLIST_KEY_UIApplicationSupportsIndirectInputEvents = YES;
				INFOPLIST_KEY_UILaunchStoryboardName = LaunchScreen;
				INFOPLIST_KEY_UISupportedInterfaceOrientations_iPad = "UIInterfaceOrientationPortrait UIInterfaceOrientationPortraitUpsideDown UIInterfaceOrientationLandscapeLeft UIInterfaceOrientationLandscapeRight";
				INFOPLIST_KEY_UISupportedInterfaceOrientations_iPhone = "UIInterfaceOrientationPortrait UIInterfaceOrientationLandscapeLeft UIInterfaceOrientationLandscapeRight";
				LD_RUNPATH_SEARCH_PATHS = (
					"$(inherited)",
					"@executable_path/Frameworks",
				);
				MARKETING_VERSION = 1.0;
				PRODUCT_BUNDLE_IDENTIFIER = "io.mobiledeveloper.TheMovieDB-App-iOS";
				PRODUCT_NAME = "$(TARGET_NAME)";
				SWIFT_EMIT_LOC_STRINGS = YES;
				SWIFT_VERSION = 5.0;
				TARGETED_DEVICE_FAMILY = "1,2";
			};
			name = Release;
		};
		B39E0B4528D64B98003C1CDF /* Debug */ = {
			isa = XCBuildConfiguration;
			buildSettings = {
				ALWAYS_EMBED_SWIFT_STANDARD_LIBRARIES = YES;
				BUNDLE_LOADER = "$(TEST_HOST)";
				CODE_SIGN_STYLE = Automatic;
				CURRENT_PROJECT_VERSION = 1;
				GENERATE_INFOPLIST_FILE = YES;
				IPHONEOS_DEPLOYMENT_TARGET = 15.5;
				MARKETING_VERSION = 1.0;
				PRODUCT_BUNDLE_IDENTIFIER = "io.mobiledeveloper.TheMovieDB-App-iOSTests";
				PRODUCT_NAME = "$(TARGET_NAME)";
				SWIFT_EMIT_LOC_STRINGS = NO;
				SWIFT_VERSION = 5.0;
				TARGETED_DEVICE_FAMILY = "1,2";
				TEST_HOST = "$(BUILT_PRODUCTS_DIR)/TheMovieDB-App-iOS.app/TheMovieDB-App-iOS";
			};
			name = Debug;
		};
		B39E0B4628D64B98003C1CDF /* Release */ = {
			isa = XCBuildConfiguration;
			buildSettings = {
				ALWAYS_EMBED_SWIFT_STANDARD_LIBRARIES = YES;
				BUNDLE_LOADER = "$(TEST_HOST)";
				CODE_SIGN_STYLE = Automatic;
				CURRENT_PROJECT_VERSION = 1;
				GENERATE_INFOPLIST_FILE = YES;
				IPHONEOS_DEPLOYMENT_TARGET = 15.5;
				MARKETING_VERSION = 1.0;
				PRODUCT_BUNDLE_IDENTIFIER = "io.mobiledeveloper.TheMovieDB-App-iOSTests";
				PRODUCT_NAME = "$(TARGET_NAME)";
				SWIFT_EMIT_LOC_STRINGS = NO;
				SWIFT_VERSION = 5.0;
				TARGETED_DEVICE_FAMILY = "1,2";
				TEST_HOST = "$(BUILT_PRODUCTS_DIR)/TheMovieDB-App-iOS.app/TheMovieDB-App-iOS";
			};
			name = Release;
		};
		B39E0B4828D64B98003C1CDF /* Debug */ = {
			isa = XCBuildConfiguration;
			buildSettings = {
				ALWAYS_EMBED_SWIFT_STANDARD_LIBRARIES = YES;
				CODE_SIGN_STYLE = Automatic;
				CURRENT_PROJECT_VERSION = 1;
				GENERATE_INFOPLIST_FILE = YES;
				MARKETING_VERSION = 1.0;
				PRODUCT_BUNDLE_IDENTIFIER = "io.mobiledeveloper.TheMovieDB-App-iOSUITests";
				PRODUCT_NAME = "$(TARGET_NAME)";
				SWIFT_EMIT_LOC_STRINGS = NO;
				SWIFT_VERSION = 5.0;
				TARGETED_DEVICE_FAMILY = "1,2";
				TEST_TARGET_NAME = "TheMovieDB-App-iOS";
			};
			name = Debug;
		};
		B39E0B4928D64B98003C1CDF /* Release */ = {
			isa = XCBuildConfiguration;
			buildSettings = {
				ALWAYS_EMBED_SWIFT_STANDARD_LIBRARIES = YES;
				CODE_SIGN_STYLE = Automatic;
				CURRENT_PROJECT_VERSION = 1;
				GENERATE_INFOPLIST_FILE = YES;
				MARKETING_VERSION = 1.0;
				PRODUCT_BUNDLE_IDENTIFIER = "io.mobiledeveloper.TheMovieDB-App-iOSUITests";
				PRODUCT_NAME = "$(TARGET_NAME)";
				SWIFT_EMIT_LOC_STRINGS = NO;
				SWIFT_VERSION = 5.0;
				TARGETED_DEVICE_FAMILY = "1,2";
				TEST_TARGET_NAME = "TheMovieDB-App-iOS";
			};
			name = Release;
		};
/* End XCBuildConfiguration section */

/* Begin XCConfigurationList section */
		B39E0B0F28D64B95003C1CDF /* Build configuration list for PBXProject "TheMovieDB-App-iOS" */ = {
			isa = XCConfigurationList;
			buildConfigurations = (
				B39E0B3F28D64B98003C1CDF /* Debug */,
				B39E0B4028D64B98003C1CDF /* Release */,
			);
			defaultConfigurationIsVisible = 0;
			defaultConfigurationName = Release;
		};
		B39E0B4128D64B98003C1CDF /* Build configuration list for PBXNativeTarget "TheMovieDB-App-iOS" */ = {
			isa = XCConfigurationList;
			buildConfigurations = (
				B39E0B4228D64B98003C1CDF /* Debug */,
				B39E0B4328D64B98003C1CDF /* Release */,
			);
			defaultConfigurationIsVisible = 0;
			defaultConfigurationName = Release;
		};
		B39E0B4428D64B98003C1CDF /* Build configuration list for PBXNativeTarget "TheMovieDB-App-iOSTests" */ = {
			isa = XCConfigurationList;
			buildConfigurations = (
				B39E0B4528D64B98003C1CDF /* Debug */,
				B39E0B4628D64B98003C1CDF /* Release */,
			);
			defaultConfigurationIsVisible = 0;
			defaultConfigurationName = Release;
		};
		B39E0B4728D64B98003C1CDF /* Build configuration list for PBXNativeTarget "TheMovieDB-App-iOSUITests" */ = {
			isa = XCConfigurationList;
			buildConfigurations = (
				B39E0B4828D64B98003C1CDF /* Debug */,
				B39E0B4928D64B98003C1CDF /* Release */,
			);
			defaultConfigurationIsVisible = 0;
			defaultConfigurationName = Release;
		};
/* End XCConfigurationList section */

/* Begin XCVersionGroup section */
		B39E0B2028D64B95003C1CDF /* TheMovieDB_App_iOS.xcdatamodeld */ = {
			isa = XCVersionGroup;
			children = (
				B39E0B2128D64B95003C1CDF /* TheMovieDB_App_iOS.xcdatamodel */,
			);
			currentVersion = B39E0B2128D64B95003C1CDF /* TheMovieDB_App_iOS.xcdatamodel */;
			path = TheMovieDB_App_iOS.xcdatamodeld;
			sourceTree = "<group>";
			versionGroupType = wrapper.xcdatamodel;
		};
/* End XCVersionGroup section */
	};
	rootObject = B39E0B0C28D64B95003C1CDF /* Project object */;
}
